
Microsoft Visual Studio Solution File, Format Version 12.00
# Visual Studio Version 16
VisualStudioVersion = 16.0.30621.155
MinimumVisualStudioVersion = 10.0.40219.1
Project("{FAE04EC0-301F-11D3-BF4B-00C04F79EFBC}") = "1.WinningTicket", "1.WinningTicket\1.WinningTicket.csproj", "{7D11E9C0-DE2E-407E-9697-C09E087E549F}"
EndProject
Project("{FAE04EC0-301F-11D3-BF4B-00C04F79EFBC}") = "2.RageQuit", "2.RageQuit\2.RageQuit.csproj", "{F2D9929C-400F-4D4A-8D56-B3168D905441}"
EndProject
Global
	GlobalSection(SolutionConfigurationPlatforms) = preSolution
		Debug|Any CPU = Debug|Any CPU
		Release|Any CPU = Release|Any CPU
	EndGlobalSection
	GlobalSection(ProjectConfigurationPlatforms) = postSolution
		{7D11E9C0-DE2E-407E-9697-C09E087E549F}.Debug|Any CPU.ActiveCfg = Debug|Any CPU
		{7D11E9C0-DE2E-407E-9697-C09E087E549F}.Debug|Any CPU.Build.0 = Debug|Any CPU
		{7D11E9C0-DE2E-407E-9697-C09E087E549F}.Release|Any CPU.ActiveCfg = Release|Any CPU
		{7D11E9C0-DE2E-407E-9697-C09E087E549F}.Release|Any CPU.Build.0 = Release|Any CPU
		{F2D9929C-400F-4D4A-8D56-B3168D905441}.Debug|Any CPU.ActiveCfg = Debug|Any CPU
		{F2D9929C-400F-4D4A-8D56-B3168D905441}.Debug|Any CPU.Build.0 = Debug|Any CPU
		{F2D9929C-400F-4D4A-8D56-B3168D905441}.Release|Any CPU.ActiveCfg = Release|Any CPU
		{F2D9929C-400F-4D4A-8D56-B3168D905441}.Release|Any CPU.Build.0 = Release|Any CPU
	EndGlobalSection
	GlobalSection(SolutionProperties) = preSolution
		HideSolutionNode = FALSE
	EndGlobalSection
	GlobalSection(ExtensibilityGlobals) = postSolution
		SolutionGuid = {4E1786E4-1A47-45A2-BA78-EC645BF30DD4}
	EndGlobalSection
EndGlobal
