
Microsoft Visual Studio Solution File, Format Version 12.00
# Visual Studio Version 16
VisualStudioVersion = 16.0.30621.155
MinimumVisualStudioVersion = 10.0.40219.1
Project("{9A19103F-16F7-4668-BE54-9A1E7A4F7556}") = "1.DiagonalDifference", "1.DiagonalDifference\1.DiagonalDifference.csproj", "{458410D5-B3CC-4138-A65B-BA26D4B035F6}"
EndProject
Project("{9A19103F-16F7-4668-BE54-9A1E7A4F7556}") = "2.SquaresInMatrix", "2.SquaresInMatrix\2.SquaresInMatrix.csproj", "{EF5C48FA-5128-43DB-9BD3-9EB58C909E21}"
EndProject
Project("{9A19103F-16F7-4668-BE54-9A1E7A4F7556}") = "3.MaximalSum", "3.MaximalSum\3.MaximalSum.csproj", "{89B2E6B2-046D-46AE-983D-F4158A7E9E02}"
EndProject
Project("{9A19103F-16F7-4668-BE54-9A1E7A4F7556}") = "4.MatrixShuffling", "4.MatrixShuffling\4.MatrixShuffling.csproj", "{CD53ABA9-A611-4BDC-AF36-9742BEC0E8EC}"
EndProject
Project("{9A19103F-16F7-4668-BE54-9A1E7A4F7556}") = "5.SnakeMoves", "5.SnakeMoves\5.SnakeMoves.csproj", "{B26A7B4C-84AF-4E20-8C22-5A74F373526A}"
EndProject
Project("{9A19103F-16F7-4668-BE54-9A1E7A4F7556}") = "6.JaggedArrayManipulator", "6.JaggedArrayManipulator\6.JaggedArrayManipulator.csproj", "{587E18B7-5B90-489F-BDBE-9EEE911C0460}"
EndProject
Project("{9A19103F-16F7-4668-BE54-9A1E7A4F7556}") = "8.Bombs", "8.Bombs\8.Bombs.csproj", "{DFD2477C-A592-4846-8ABD-088C6BA06DFE}"
EndProject
Project("{9A19103F-16F7-4668-BE54-9A1E7A4F7556}") = "9.Miner", "9.Miner\9.Miner.csproj", "{14174C82-B736-4496-8085-E73FF47780C5}"
EndProject
Project("{FAE04EC0-301F-11D3-BF4B-00C04F79EFBC}") = "10.RadioactiveMutantVampireBunnies", "10.RadioactiveMutantVampireBunnies\10.RadioactiveMutantVampireBunnies.csproj", "{13424D34-98AD-4B2D-89E6-10F670B401AE}"
EndProject
Global
	GlobalSection(SolutionConfigurationPlatforms) = preSolution
		Debug|Any CPU = Debug|Any CPU
		Release|Any CPU = Release|Any CPU
	EndGlobalSection
	GlobalSection(ProjectConfigurationPlatforms) = postSolution
		{458410D5-B3CC-4138-A65B-BA26D4B035F6}.Debug|Any CPU.ActiveCfg = Debug|Any CPU
		{458410D5-B3CC-4138-A65B-BA26D4B035F6}.Debug|Any CPU.Build.0 = Debug|Any CPU
		{458410D5-B3CC-4138-A65B-BA26D4B035F6}.Release|Any CPU.ActiveCfg = Release|Any CPU
		{458410D5-B3CC-4138-A65B-BA26D4B035F6}.Release|Any CPU.Build.0 = Release|Any CPU
		{EF5C48FA-5128-43DB-9BD3-9EB58C909E21}.Debug|Any CPU.ActiveCfg = Debug|Any CPU
		{EF5C48FA-5128-43DB-9BD3-9EB58C909E21}.Debug|Any CPU.Build.0 = Debug|Any CPU
		{EF5C48FA-5128-43DB-9BD3-9EB58C909E21}.Release|Any CPU.ActiveCfg = Release|Any CPU
		{EF5C48FA-5128-43DB-9BD3-9EB58C909E21}.Release|Any CPU.Build.0 = Release|Any CPU
		{89B2E6B2-046D-46AE-983D-F4158A7E9E02}.Debug|Any CPU.ActiveCfg = Debug|Any CPU
		{89B2E6B2-046D-46AE-983D-F4158A7E9E02}.Debug|Any CPU.Build.0 = Debug|Any CPU
		{89B2E6B2-046D-46AE-983D-F4158A7E9E02}.Release|Any CPU.ActiveCfg = Release|Any CPU
		{89B2E6B2-046D-46AE-983D-F4158A7E9E02}.Release|Any CPU.Build.0 = Release|Any CPU
		{CD53ABA9-A611-4BDC-AF36-9742BEC0E8EC}.Debug|Any CPU.ActiveCfg = Debug|Any CPU
		{CD53ABA9-A611-4BDC-AF36-9742BEC0E8EC}.Debug|Any CPU.Build.0 = Debug|Any CPU
		{CD53ABA9-A611-4BDC-AF36-9742BEC0E8EC}.Release|Any CPU.ActiveCfg = Release|Any CPU
		{CD53ABA9-A611-4BDC-AF36-9742BEC0E8EC}.Release|Any CPU.Build.0 = Release|Any CPU
		{B26A7B4C-84AF-4E20-8C22-5A74F373526A}.Debug|Any CPU.ActiveCfg = Debug|Any CPU
		{B26A7B4C-84AF-4E20-8C22-5A74F373526A}.Debug|Any CPU.Build.0 = Debug|Any CPU
		{B26A7B4C-84AF-4E20-8C22-5A74F373526A}.Release|Any CPU.ActiveCfg = Release|Any CPU
		{B26A7B4C-84AF-4E20-8C22-5A74F373526A}.Release|Any CPU.Build.0 = Release|Any CPU
		{587E18B7-5B90-489F-BDBE-9EEE911C0460}.Debug|Any CPU.ActiveCfg = Debug|Any CPU
		{587E18B7-5B90-489F-BDBE-9EEE911C0460}.Debug|Any CPU.Build.0 = Debug|Any CPU
		{587E18B7-5B90-489F-BDBE-9EEE911C0460}.Release|Any CPU.ActiveCfg = Release|Any CPU
		{587E18B7-5B90-489F-BDBE-9EEE911C0460}.Release|Any CPU.Build.0 = Release|Any CPU
		{DFD2477C-A592-4846-8ABD-088C6BA06DFE}.Debug|Any CPU.ActiveCfg = Debug|Any CPU
		{DFD2477C-A592-4846-8ABD-088C6BA06DFE}.Debug|Any CPU.Build.0 = Debug|Any CPU
		{DFD2477C-A592-4846-8ABD-088C6BA06DFE}.Release|Any CPU.ActiveCfg = Release|Any CPU
		{DFD2477C-A592-4846-8ABD-088C6BA06DFE}.Release|Any CPU.Build.0 = Release|Any CPU
		{14174C82-B736-4496-8085-E73FF47780C5}.Debug|Any CPU.ActiveCfg = Debug|Any CPU
		{14174C82-B736-4496-8085-E73FF47780C5}.Debug|Any CPU.Build.0 = Debug|Any CPU
		{14174C82-B736-4496-8085-E73FF47780C5}.Release|Any CPU.ActiveCfg = Release|Any CPU
		{14174C82-B736-4496-8085-E73FF47780C5}.Release|Any CPU.Build.0 = Release|Any CPU
		{13424D34-98AD-4B2D-89E6-10F670B401AE}.Debug|Any CPU.ActiveCfg = Debug|Any CPU
		{13424D34-98AD-4B2D-89E6-10F670B401AE}.Debug|Any CPU.Build.0 = Debug|Any CPU
		{13424D34-98AD-4B2D-89E6-10F670B401AE}.Release|Any CPU.ActiveCfg = Release|Any CPU
		{13424D34-98AD-4B2D-89E6-10F670B401AE}.Release|Any CPU.Build.0 = Release|Any CPU
	EndGlobalSection
	GlobalSection(SolutionProperties) = preSolution
		HideSolutionNode = FALSE
	EndGlobalSection
	GlobalSection(ExtensibilityGlobals) = postSolution
		SolutionGuid = {D5B4381B-BABF-4822-8B3C-E2E176D5C063}
	EndGlobalSection
EndGlobal
