
Microsoft Visual Studio Solution File, Format Version 12.00
# Visual Studio Version 16
VisualStudioVersion = 16.0.30503.244
MinimumVisualStudioVersion = 10.0.40219.1
Project("{FAE04EC0-301F-11D3-BF4B-00C04F79EFBC}") = "01.Train", "01.Train\01.Train.csproj", "{63F2C614-4942-4F13-9DD6-E5038B97F6D8}"
EndProject
Project("{FAE04EC0-301F-11D3-BF4B-00C04F79EFBC}") = "02.CommonElements", "02.CommonElements\02.CommonElements.csproj", "{8766B2D9-D076-4CF4-9E24-4E37263AF524}"
EndProject
Project("{FAE04EC0-301F-11D3-BF4B-00C04F79EFBC}") = "03ZigZagArrays", "03ZigZagArrays\03ZigZagArrays.csproj", "{CD01DC8F-5434-42C4-8E1E-D264711CE624}"
EndProject
Project("{FAE04EC0-301F-11D3-BF4B-00C04F79EFBC}") = "04.ArrayRotation", "04.ArrayRotation\04.ArrayRotation.csproj", "{AA593970-80AA-41C8-98F9-7F08BC9CDE2C}"
EndProject
Project("{FAE04EC0-301F-11D3-BF4B-00C04F79EFBC}") = "05.TopIntegers", "05.TopIntegers\05.TopIntegers.csproj", "{6ED6E4DE-76DE-417C-9B40-03F045E9B5C7}"
EndProject
Global
	GlobalSection(SolutionConfigurationPlatforms) = preSolution
		Debug|Any CPU = Debug|Any CPU
		Release|Any CPU = Release|Any CPU
	EndGlobalSection
	GlobalSection(ProjectConfigurationPlatforms) = postSolution
		{63F2C614-4942-4F13-9DD6-E5038B97F6D8}.Debug|Any CPU.ActiveCfg = Debug|Any CPU
		{63F2C614-4942-4F13-9DD6-E5038B97F6D8}.Debug|Any CPU.Build.0 = Debug|Any CPU
		{63F2C614-4942-4F13-9DD6-E5038B97F6D8}.Release|Any CPU.ActiveCfg = Release|Any CPU
		{63F2C614-4942-4F13-9DD6-E5038B97F6D8}.Release|Any CPU.Build.0 = Release|Any CPU
		{8766B2D9-D076-4CF4-9E24-4E37263AF524}.Debug|Any CPU.ActiveCfg = Debug|Any CPU
		{8766B2D9-D076-4CF4-9E24-4E37263AF524}.Debug|Any CPU.Build.0 = Debug|Any CPU
		{8766B2D9-D076-4CF4-9E24-4E37263AF524}.Release|Any CPU.ActiveCfg = Release|Any CPU
		{8766B2D9-D076-4CF4-9E24-4E37263AF524}.Release|Any CPU.Build.0 = Release|Any CPU
		{CD01DC8F-5434-42C4-8E1E-D264711CE624}.Debug|Any CPU.ActiveCfg = Debug|Any CPU
		{CD01DC8F-5434-42C4-8E1E-D264711CE624}.Debug|Any CPU.Build.0 = Debug|Any CPU
		{CD01DC8F-5434-42C4-8E1E-D264711CE624}.Release|Any CPU.ActiveCfg = Release|Any CPU
		{CD01DC8F-5434-42C4-8E1E-D264711CE624}.Release|Any CPU.Build.0 = Release|Any CPU
		{AA593970-80AA-41C8-98F9-7F08BC9CDE2C}.Debug|Any CPU.ActiveCfg = Debug|Any CPU
		{AA593970-80AA-41C8-98F9-7F08BC9CDE2C}.Debug|Any CPU.Build.0 = Debug|Any CPU
		{AA593970-80AA-41C8-98F9-7F08BC9CDE2C}.Release|Any CPU.ActiveCfg = Release|Any CPU
		{AA593970-80AA-41C8-98F9-7F08BC9CDE2C}.Release|Any CPU.Build.0 = Release|Any CPU
		{6ED6E4DE-76DE-417C-9B40-03F045E9B5C7}.Debug|Any CPU.ActiveCfg = Debug|Any CPU
		{6ED6E4DE-76DE-417C-9B40-03F045E9B5C7}.Debug|Any CPU.Build.0 = Debug|Any CPU
		{6ED6E4DE-76DE-417C-9B40-03F045E9B5C7}.Release|Any CPU.ActiveCfg = Release|Any CPU
		{6ED6E4DE-76DE-417C-9B40-03F045E9B5C7}.Release|Any CPU.Build.0 = Release|Any CPU
	EndGlobalSection
	GlobalSection(SolutionProperties) = preSolution
		HideSolutionNode = FALSE
	EndGlobalSection
	GlobalSection(ExtensibilityGlobals) = postSolution
		SolutionGuid = {E03C3C86-849F-4484-B97C-0CB15526ECB7}
	EndGlobalSection
EndGlobal
