
Microsoft Visual Studio Solution File, Format Version 12.00
# Visual Studio Version 16
VisualStudioVersion = 16.0.30204.135
MinimumVisualStudioVersion = 10.0.40219.1
Project("{FAE04EC0-301F-11D3-BF4B-00C04F79EFBC}") = "01.SortNumbers", "01.SortNumbers\01.SortNumbers.csproj", "{AB6D7FB2-6417-4AC0-BB0C-F4A030FC1F10}"
EndProject
Project("{FAE04EC0-301F-11D3-BF4B-00C04F79EFBC}") = "02.EnglishNameOfTheLastDigit", "02.EnglishNameOfTheLastDigit\02.EnglishNameOfTheLastDigit.csproj", "{897C5912-6226-42CB-933B-08F36DDDEA4D}"
EndProject
Project("{FAE04EC0-301F-11D3-BF4B-00C04F79EFBC}") = "03.GamingStore", "03.GamingStore\03.GamingStore.csproj", "{B4B4023E-118B-4F14-AD49-937C57F7EDEC}"
EndProject
Project("{FAE04EC0-301F-11D3-BF4B-00C04F79EFBC}") = "04.ReverseString", "04.ReverseString\04.ReverseString.csproj", "{DB434DB2-784B-4E59-B752-5CAF8FE1FD70}"
EndProject
Project("{FAE04EC0-301F-11D3-BF4B-00C04F79EFBC}") = "05.Messages", "05.Messages\05.Messages.csproj", "{B74A4D33-CFEE-4521-90BC-AE90B6D670F2}"
EndProject
Global
	GlobalSection(SolutionConfigurationPlatforms) = preSolution
		Debug|Any CPU = Debug|Any CPU
		Release|Any CPU = Release|Any CPU
	EndGlobalSection
	GlobalSection(ProjectConfigurationPlatforms) = postSolution
		{AB6D7FB2-6417-4AC0-BB0C-F4A030FC1F10}.Debug|Any CPU.ActiveCfg = Debug|Any CPU
		{AB6D7FB2-6417-4AC0-BB0C-F4A030FC1F10}.Debug|Any CPU.Build.0 = Debug|Any CPU
		{AB6D7FB2-6417-4AC0-BB0C-F4A030FC1F10}.Release|Any CPU.ActiveCfg = Release|Any CPU
		{AB6D7FB2-6417-4AC0-BB0C-F4A030FC1F10}.Release|Any CPU.Build.0 = Release|Any CPU
		{897C5912-6226-42CB-933B-08F36DDDEA4D}.Debug|Any CPU.ActiveCfg = Debug|Any CPU
		{897C5912-6226-42CB-933B-08F36DDDEA4D}.Debug|Any CPU.Build.0 = Debug|Any CPU
		{897C5912-6226-42CB-933B-08F36DDDEA4D}.Release|Any CPU.ActiveCfg = Release|Any CPU
		{897C5912-6226-42CB-933B-08F36DDDEA4D}.Release|Any CPU.Build.0 = Release|Any CPU
		{B4B4023E-118B-4F14-AD49-937C57F7EDEC}.Debug|Any CPU.ActiveCfg = Debug|Any CPU
		{B4B4023E-118B-4F14-AD49-937C57F7EDEC}.Debug|Any CPU.Build.0 = Debug|Any CPU
		{B4B4023E-118B-4F14-AD49-937C57F7EDEC}.Release|Any CPU.ActiveCfg = Release|Any CPU
		{B4B4023E-118B-4F14-AD49-937C57F7EDEC}.Release|Any CPU.Build.0 = Release|Any CPU
		{DB434DB2-784B-4E59-B752-5CAF8FE1FD70}.Debug|Any CPU.ActiveCfg = Debug|Any CPU
		{DB434DB2-784B-4E59-B752-5CAF8FE1FD70}.Debug|Any CPU.Build.0 = Debug|Any CPU
		{DB434DB2-784B-4E59-B752-5CAF8FE1FD70}.Release|Any CPU.ActiveCfg = Release|Any CPU
		{DB434DB2-784B-4E59-B752-5CAF8FE1FD70}.Release|Any CPU.Build.0 = Release|Any CPU
		{B74A4D33-CFEE-4521-90BC-AE90B6D670F2}.Debug|Any CPU.ActiveCfg = Debug|Any CPU
		{B74A4D33-CFEE-4521-90BC-AE90B6D670F2}.Debug|Any CPU.Build.0 = Debug|Any CPU
		{B74A4D33-CFEE-4521-90BC-AE90B6D670F2}.Release|Any CPU.ActiveCfg = Release|Any CPU
		{B74A4D33-CFEE-4521-90BC-AE90B6D670F2}.Release|Any CPU.Build.0 = Release|Any CPU
	EndGlobalSection
	GlobalSection(SolutionProperties) = preSolution
		HideSolutionNode = FALSE
	EndGlobalSection
	GlobalSection(ExtensibilityGlobals) = postSolution
		SolutionGuid = {30B42424-CFB9-4C4F-BC08-E519A00F73C7}
	EndGlobalSection
EndGlobal
