
Microsoft Visual Studio Solution File, Format Version 12.00
# Visual Studio Version 16
VisualStudioVersion = 16.0.30804.86
MinimumVisualStudioVersion = 10.0.40219.1
Project("{9A19103F-16F7-4668-BE54-9A1E7A4F7556}") = "03.JediGalaxy", "03.JediGalaxy\03.JediGalaxy.csproj", "{92B34893-F390-4EA0-9DA7-E1C496BF01B7}"
EndProject
Project("{9A19103F-16F7-4668-BE54-9A1E7A4F7556}") = "07.RawData", "07.RawData\07.RawData.csproj", "{79F7F710-09A6-4FEE-B898-8CD698FB1D93}"
EndProject
Project("{9A19103F-16F7-4668-BE54-9A1E7A4F7556}") = "08.CarSalesman", "08.CarSalesman\08.CarSalesman.csproj", "{9F501413-5EE4-4E2D-9014-B13C21F0FE1A}"
EndProject
Global
	GlobalSection(SolutionConfigurationPlatforms) = preSolution
		Debug|Any CPU = Debug|Any CPU
		Release|Any CPU = Release|Any CPU
	EndGlobalSection
	GlobalSection(ProjectConfigurationPlatforms) = postSolution
		{92B34893-F390-4EA0-9DA7-E1C496BF01B7}.Debug|Any CPU.ActiveCfg = Debug|Any CPU
		{92B34893-F390-4EA0-9DA7-E1C496BF01B7}.Debug|Any CPU.Build.0 = Debug|Any CPU
		{92B34893-F390-4EA0-9DA7-E1C496BF01B7}.Release|Any CPU.ActiveCfg = Release|Any CPU
		{92B34893-F390-4EA0-9DA7-E1C496BF01B7}.Release|Any CPU.Build.0 = Release|Any CPU
		{79F7F710-09A6-4FEE-B898-8CD698FB1D93}.Debug|Any CPU.ActiveCfg = Debug|Any CPU
		{79F7F710-09A6-4FEE-B898-8CD698FB1D93}.Debug|Any CPU.Build.0 = Debug|Any CPU
		{79F7F710-09A6-4FEE-B898-8CD698FB1D93}.Release|Any CPU.ActiveCfg = Release|Any CPU
		{79F7F710-09A6-4FEE-B898-8CD698FB1D93}.Release|Any CPU.Build.0 = Release|Any CPU
		{9F501413-5EE4-4E2D-9014-B13C21F0FE1A}.Debug|Any CPU.ActiveCfg = Debug|Any CPU
		{9F501413-5EE4-4E2D-9014-B13C21F0FE1A}.Debug|Any CPU.Build.0 = Debug|Any CPU
		{9F501413-5EE4-4E2D-9014-B13C21F0FE1A}.Release|Any CPU.ActiveCfg = Release|Any CPU
		{9F501413-5EE4-4E2D-9014-B13C21F0FE1A}.Release|Any CPU.Build.0 = Release|Any CPU
	EndGlobalSection
	GlobalSection(SolutionProperties) = preSolution
		HideSolutionNode = FALSE
	EndGlobalSection
	GlobalSection(ExtensibilityGlobals) = postSolution
		SolutionGuid = {4AF37DA3-CB78-42D4-8788-D8FC63A96EFB}
	EndGlobalSection
EndGlobal
