
Microsoft Visual Studio Solution File, Format Version 12.00
# Visual Studio Version 16
VisualStudioVersion = 16.0.30804.86
MinimumVisualStudioVersion = 10.0.40219.1
Project("{FAE04EC0-301F-11D3-BF4B-00C04F79EFBC}") = "01.RecursiveArraySum", "01.RecursiveArraySum\01.RecursiveArraySum.csproj", "{A1F6D635-9BE5-4491-8BF2-252D7B8E43A9}"
EndProject
Project("{FAE04EC0-301F-11D3-BF4B-00C04F79EFBC}") = "02.RecursiveFactorial", "02.RecursiveFactorial\02.RecursiveFactorial.csproj", "{03A6FADE-C076-40E3-A2D6-6C21EAE6AFF9}"
EndProject
Global
	GlobalSection(SolutionConfigurationPlatforms) = preSolution
		Debug|Any CPU = Debug|Any CPU
		Release|Any CPU = Release|Any CPU
	EndGlobalSection
	GlobalSection(ProjectConfigurationPlatforms) = postSolution
		{A1F6D635-9BE5-4491-8BF2-252D7B8E43A9}.Debug|Any CPU.ActiveCfg = Debug|Any CPU
		{A1F6D635-9BE5-4491-8BF2-252D7B8E43A9}.Debug|Any CPU.Build.0 = Debug|Any CPU
		{A1F6D635-9BE5-4491-8BF2-252D7B8E43A9}.Release|Any CPU.ActiveCfg = Release|Any CPU
		{A1F6D635-9BE5-4491-8BF2-252D7B8E43A9}.Release|Any CPU.Build.0 = Release|Any CPU
		{03A6FADE-C076-40E3-A2D6-6C21EAE6AFF9}.Debug|Any CPU.ActiveCfg = Debug|Any CPU
		{03A6FADE-C076-40E3-A2D6-6C21EAE6AFF9}.Debug|Any CPU.Build.0 = Debug|Any CPU
		{03A6FADE-C076-40E3-A2D6-6C21EAE6AFF9}.Release|Any CPU.ActiveCfg = Release|Any CPU
		{03A6FADE-C076-40E3-A2D6-6C21EAE6AFF9}.Release|Any CPU.Build.0 = Release|Any CPU
	EndGlobalSection
	GlobalSection(SolutionProperties) = preSolution
		HideSolutionNode = FALSE
	EndGlobalSection
	GlobalSection(ExtensibilityGlobals) = postSolution
		SolutionGuid = {D2BFF792-0643-47DB-861C-181B7C8C0D1F}
	EndGlobalSection
EndGlobal
