
Microsoft Visual Studio Solution File, Format Version 12.00
# Visual Studio Version 16
VisualStudioVersion = 16.0.30503.244
MinimumVisualStudioVersion = 10.0.40219.1
Project("{9A19103F-16F7-4668-BE54-9A1E7A4F7556}") = "01.DataTypes", "01.DataTypes\01.DataTypes.csproj", "{703DE183-CA04-4BEE-A208-0B6FF98A029F}"
EndProject
Project("{9A19103F-16F7-4668-BE54-9A1E7A4F7556}") = "02.CenterPoint", "02.CenterPoint\02.CenterPoint.csproj", "{B0E2D6BE-0F60-45C8-A7F8-EF40A371A628}"
EndProject
Project("{9A19103F-16F7-4668-BE54-9A1E7A4F7556}") = "03.LongerLine", "03.LongerLine\03.LongerLine.csproj", "{767CF57B-396B-4175-A25C-ED49A508735E}"
EndProject
Project("{FAE04EC0-301F-11D3-BF4B-00C04F79EFBC}") = "04.TribonacciSequence", "04.TribonacciSequence\04.TribonacciSequence.csproj", "{CACECDFC-C471-4FE6-8135-9A4AF8FBA981}"
EndProject
Project("{FAE04EC0-301F-11D3-BF4B-00C04F79EFBC}") = "05.MultiplicationSign", "05.MultiplicationSign\05.MultiplicationSign.csproj", "{2D89E676-397B-40AA-8914-1E4FDD71669D}"
EndProject
Global
	GlobalSection(SolutionConfigurationPlatforms) = preSolution
		Debug|Any CPU = Debug|Any CPU
		Release|Any CPU = Release|Any CPU
	EndGlobalSection
	GlobalSection(ProjectConfigurationPlatforms) = postSolution
		{703DE183-CA04-4BEE-A208-0B6FF98A029F}.Debug|Any CPU.ActiveCfg = Debug|Any CPU
		{703DE183-CA04-4BEE-A208-0B6FF98A029F}.Debug|Any CPU.Build.0 = Debug|Any CPU
		{703DE183-CA04-4BEE-A208-0B6FF98A029F}.Release|Any CPU.ActiveCfg = Release|Any CPU
		{703DE183-CA04-4BEE-A208-0B6FF98A029F}.Release|Any CPU.Build.0 = Release|Any CPU
		{B0E2D6BE-0F60-45C8-A7F8-EF40A371A628}.Debug|Any CPU.ActiveCfg = Debug|Any CPU
		{B0E2D6BE-0F60-45C8-A7F8-EF40A371A628}.Debug|Any CPU.Build.0 = Debug|Any CPU
		{B0E2D6BE-0F60-45C8-A7F8-EF40A371A628}.Release|Any CPU.ActiveCfg = Release|Any CPU
		{B0E2D6BE-0F60-45C8-A7F8-EF40A371A628}.Release|Any CPU.Build.0 = Release|Any CPU
		{767CF57B-396B-4175-A25C-ED49A508735E}.Debug|Any CPU.ActiveCfg = Debug|Any CPU
		{767CF57B-396B-4175-A25C-ED49A508735E}.Debug|Any CPU.Build.0 = Debug|Any CPU
		{767CF57B-396B-4175-A25C-ED49A508735E}.Release|Any CPU.ActiveCfg = Release|Any CPU
		{767CF57B-396B-4175-A25C-ED49A508735E}.Release|Any CPU.Build.0 = Release|Any CPU
		{CACECDFC-C471-4FE6-8135-9A4AF8FBA981}.Debug|Any CPU.ActiveCfg = Debug|Any CPU
		{CACECDFC-C471-4FE6-8135-9A4AF8FBA981}.Debug|Any CPU.Build.0 = Debug|Any CPU
		{CACECDFC-C471-4FE6-8135-9A4AF8FBA981}.Release|Any CPU.ActiveCfg = Release|Any CPU
		{CACECDFC-C471-4FE6-8135-9A4AF8FBA981}.Release|Any CPU.Build.0 = Release|Any CPU
		{2D89E676-397B-40AA-8914-1E4FDD71669D}.Debug|Any CPU.ActiveCfg = Debug|Any CPU
		{2D89E676-397B-40AA-8914-1E4FDD71669D}.Debug|Any CPU.Build.0 = Debug|Any CPU
		{2D89E676-397B-40AA-8914-1E4FDD71669D}.Release|Any CPU.ActiveCfg = Release|Any CPU
		{2D89E676-397B-40AA-8914-1E4FDD71669D}.Release|Any CPU.Build.0 = Release|Any CPU
	EndGlobalSection
	GlobalSection(SolutionProperties) = preSolution
		HideSolutionNode = FALSE
	EndGlobalSection
	GlobalSection(ExtensibilityGlobals) = postSolution
		SolutionGuid = {2F43B62A-0654-4E79-88C1-EAFBEE668F62}
	EndGlobalSection
EndGlobal
