
Microsoft Visual Studio Solution File, Format Version 12.00
# Visual Studio Version 16
VisualStudioVersion = 16.0.30503.244
MinimumVisualStudioVersion = 10.0.40219.1
Project("{9A19103F-16F7-4668-BE54-9A1E7A4F7556}") = "01.SoftUniReception", "01.SoftUniReception\01.SoftUniReception.csproj", "{52F4684C-9AC6-48F8-A589-B95F18C5D552}"
EndProject
Project("{FAE04EC0-301F-11D3-BF4B-00C04F79EFBC}") = "02.ArrayModifier", "02.ArrayModifier\02.ArrayModifier.csproj", "{ABD0D957-F8F0-49DC-8A20-EDF9D8D41421}"
EndProject
Global
	GlobalSection(SolutionConfigurationPlatforms) = preSolution
		Debug|Any CPU = Debug|Any CPU
		Release|Any CPU = Release|Any CPU
	EndGlobalSection
	GlobalSection(ProjectConfigurationPlatforms) = postSolution
		{52F4684C-9AC6-48F8-A589-B95F18C5D552}.Debug|Any CPU.ActiveCfg = Debug|Any CPU
		{52F4684C-9AC6-48F8-A589-B95F18C5D552}.Debug|Any CPU.Build.0 = Debug|Any CPU
		{52F4684C-9AC6-48F8-A589-B95F18C5D552}.Release|Any CPU.ActiveCfg = Release|Any CPU
		{52F4684C-9AC6-48F8-A589-B95F18C5D552}.Release|Any CPU.Build.0 = Release|Any CPU
		{ABD0D957-F8F0-49DC-8A20-EDF9D8D41421}.Debug|Any CPU.ActiveCfg = Debug|Any CPU
		{ABD0D957-F8F0-49DC-8A20-EDF9D8D41421}.Debug|Any CPU.Build.0 = Debug|Any CPU
		{ABD0D957-F8F0-49DC-8A20-EDF9D8D41421}.Release|Any CPU.ActiveCfg = Release|Any CPU
		{ABD0D957-F8F0-49DC-8A20-EDF9D8D41421}.Release|Any CPU.Build.0 = Release|Any CPU
	EndGlobalSection
	GlobalSection(SolutionProperties) = preSolution
		HideSolutionNode = FALSE
	EndGlobalSection
	GlobalSection(ExtensibilityGlobals) = postSolution
		SolutionGuid = {152C0271-628C-4070-8C3A-412EA758E73E}
	EndGlobalSection
EndGlobal
