
Microsoft Visual Studio Solution File, Format Version 12.00
# Visual Studio Version 16
VisualStudioVersion = 16.0.30621.155
MinimumVisualStudioVersion = 10.0.40219.1
Project("{9A19103F-16F7-4668-BE54-9A1E7A4F7556}") = "01.AdAstra", "01.AdAstra\01.AdAstra.csproj", "{1DD90B27-DD84-4399-8515-C7EE5B6135BE}"
EndProject
Project("{9A19103F-16F7-4668-BE54-9A1E7A4F7556}") = "BossRush", "BossRush\BossRush.csproj", "{23A8B882-E43C-4D2C-9866-00BDF9A9C914}"
EndProject
Project("{FAE04EC0-301F-11D3-BF4B-00C04F79EFBC}") = "Deciphering", "Deciphering\Deciphering.csproj", "{D8991957-4584-459F-A362-7D3AB0B98833}"
EndProject
Project("{FAE04EC0-301F-11D3-BF4B-00C04F79EFBC}") = "MessageTranslator", "MessageTranslator\MessageTranslator.csproj", "{B090AC0F-E3F8-4F41-918D-990683740DFF}"
EndProject
Global
	GlobalSection(SolutionConfigurationPlatforms) = preSolution
		Debug|Any CPU = Debug|Any CPU
		Release|Any CPU = Release|Any CPU
	EndGlobalSection
	GlobalSection(ProjectConfigurationPlatforms) = postSolution
		{1DD90B27-DD84-4399-8515-C7EE5B6135BE}.Debug|Any CPU.ActiveCfg = Debug|Any CPU
		{1DD90B27-DD84-4399-8515-C7EE5B6135BE}.Debug|Any CPU.Build.0 = Debug|Any CPU
		{1DD90B27-DD84-4399-8515-C7EE5B6135BE}.Release|Any CPU.ActiveCfg = Release|Any CPU
		{1DD90B27-DD84-4399-8515-C7EE5B6135BE}.Release|Any CPU.Build.0 = Release|Any CPU
		{23A8B882-E43C-4D2C-9866-00BDF9A9C914}.Debug|Any CPU.ActiveCfg = Debug|Any CPU
		{23A8B882-E43C-4D2C-9866-00BDF9A9C914}.Debug|Any CPU.Build.0 = Debug|Any CPU
		{23A8B882-E43C-4D2C-9866-00BDF9A9C914}.Release|Any CPU.ActiveCfg = Release|Any CPU
		{23A8B882-E43C-4D2C-9866-00BDF9A9C914}.Release|Any CPU.Build.0 = Release|Any CPU
		{D8991957-4584-459F-A362-7D3AB0B98833}.Debug|Any CPU.ActiveCfg = Debug|Any CPU
		{D8991957-4584-459F-A362-7D3AB0B98833}.Debug|Any CPU.Build.0 = Debug|Any CPU
		{D8991957-4584-459F-A362-7D3AB0B98833}.Release|Any CPU.ActiveCfg = Release|Any CPU
		{D8991957-4584-459F-A362-7D3AB0B98833}.Release|Any CPU.Build.0 = Release|Any CPU
		{B090AC0F-E3F8-4F41-918D-990683740DFF}.Debug|Any CPU.ActiveCfg = Debug|Any CPU
		{B090AC0F-E3F8-4F41-918D-990683740DFF}.Debug|Any CPU.Build.0 = Debug|Any CPU
		{B090AC0F-E3F8-4F41-918D-990683740DFF}.Release|Any CPU.ActiveCfg = Release|Any CPU
		{B090AC0F-E3F8-4F41-918D-990683740DFF}.Release|Any CPU.Build.0 = Release|Any CPU
	EndGlobalSection
	GlobalSection(SolutionProperties) = preSolution
		HideSolutionNode = FALSE
	EndGlobalSection
	GlobalSection(ExtensibilityGlobals) = postSolution
		SolutionGuid = {5387ABE1-3625-4315-BFC8-A4051522D138}
	EndGlobalSection
EndGlobal
