
Microsoft Visual Studio Solution File, Format Version 12.00
# Visual Studio Version 16
VisualStudioVersion = 16.0.30804.86
MinimumVisualStudioVersion = 10.0.40219.1
Project("{FAE04EC0-301F-11D3-BF4B-00C04F79EFBC}") = "Operations", "Operations\Operations.csproj", "{0FB1F88C-D446-4C13-97EC-AD9D6F2101F5}"
EndProject
Project("{FAE04EC0-301F-11D3-BF4B-00C04F79EFBC}") = "Animals", "Animals\Animals.csproj", "{63CAE579-20B2-4C64-84C6-E74365C2D1A4}"
EndProject
Project("{FAE04EC0-301F-11D3-BF4B-00C04F79EFBC}") = "Shapes", "Shapes\Shapes.csproj", "{9DF7F42F-A9DF-43F4-935C-DDA944C66BB9}"
EndProject
Global
	GlobalSection(SolutionConfigurationPlatforms) = preSolution
		Debug|Any CPU = Debug|Any CPU
		Release|Any CPU = Release|Any CPU
	EndGlobalSection
	GlobalSection(ProjectConfigurationPlatforms) = postSolution
		{0FB1F88C-D446-4C13-97EC-AD9D6F2101F5}.Debug|Any CPU.ActiveCfg = Debug|Any CPU
		{0FB1F88C-D446-4C13-97EC-AD9D6F2101F5}.Debug|Any CPU.Build.0 = Debug|Any CPU
		{0FB1F88C-D446-4C13-97EC-AD9D6F2101F5}.Release|Any CPU.ActiveCfg = Release|Any CPU
		{0FB1F88C-D446-4C13-97EC-AD9D6F2101F5}.Release|Any CPU.Build.0 = Release|Any CPU
		{63CAE579-20B2-4C64-84C6-E74365C2D1A4}.Debug|Any CPU.ActiveCfg = Debug|Any CPU
		{63CAE579-20B2-4C64-84C6-E74365C2D1A4}.Debug|Any CPU.Build.0 = Debug|Any CPU
		{63CAE579-20B2-4C64-84C6-E74365C2D1A4}.Release|Any CPU.ActiveCfg = Release|Any CPU
		{63CAE579-20B2-4C64-84C6-E74365C2D1A4}.Release|Any CPU.Build.0 = Release|Any CPU
		{9DF7F42F-A9DF-43F4-935C-DDA944C66BB9}.Debug|Any CPU.ActiveCfg = Debug|Any CPU
		{9DF7F42F-A9DF-43F4-935C-DDA944C66BB9}.Debug|Any CPU.Build.0 = Debug|Any CPU
		{9DF7F42F-A9DF-43F4-935C-DDA944C66BB9}.Release|Any CPU.ActiveCfg = Release|Any CPU
		{9DF7F42F-A9DF-43F4-935C-DDA944C66BB9}.Release|Any CPU.Build.0 = Release|Any CPU
	EndGlobalSection
	GlobalSection(SolutionProperties) = preSolution
		HideSolutionNode = FALSE
	EndGlobalSection
	GlobalSection(ExtensibilityGlobals) = postSolution
		SolutionGuid = {5487850C-8915-46C2-B8E1-8D93CC51A8C0}
	EndGlobalSection
EndGlobal
