
Microsoft Visual Studio Solution File, Format Version 12.00
# Visual Studio Version 16
VisualStudioVersion = 16.0.30804.86
MinimumVisualStudioVersion = 10.0.40219.1
Project("{9A19103F-16F7-4668-BE54-9A1E7A4F7556}") = "05.GenericCountMethodDoubles", "05.GenericCountMethodDoubles\05.GenericCountMethodDoubles.csproj", "{C761622C-263B-4E4E-9BE1-A95388FE4906}"
EndProject
Project("{9A19103F-16F7-4668-BE54-9A1E7A4F7556}") = "07.Tuple", "07.Tuple\07.Tuple.csproj", "{64835328-A930-4410-923C-3316305A47D6}"
EndProject
Project("{9A19103F-16F7-4668-BE54-9A1E7A4F7556}") = "08.Threeuple", "08.Threeuple\08.Threeuple.csproj", "{30FEE2FE-3180-4ABB-BAFF-8CF2FBFA7DF4}"
EndProject
Project("{9A19103F-16F7-4668-BE54-9A1E7A4F7556}") = "CustomDoublyLinkedList", "LinkedList\CustomDoublyLinkedList.csproj", "{108CE27E-0A3F-400C-9D56-1D5398970EA6}"
EndProject
Project("{FAE04EC0-301F-11D3-BF4B-00C04F79EFBC}") = "02.GenericBoxOfInteger", "02.GenericBoxOfInteger\02.GenericBoxOfInteger.csproj", "{24BAD3C1-701C-4A8B-B688-3CA179CACE19}"
EndProject
Project("{FAE04EC0-301F-11D3-BF4B-00C04F79EFBC}") = "03.GenericSwapMethodString", "03.GenericSwapMethodString\03.GenericSwapMethodString.csproj", "{3D79582D-0411-429A-93E8-EF77D625CC98}"
EndProject
Global
	GlobalSection(SolutionConfigurationPlatforms) = preSolution
		Debug|Any CPU = Debug|Any CPU
		Release|Any CPU = Release|Any CPU
	EndGlobalSection
	GlobalSection(ProjectConfigurationPlatforms) = postSolution
		{C761622C-263B-4E4E-9BE1-A95388FE4906}.Debug|Any CPU.ActiveCfg = Debug|Any CPU
		{C761622C-263B-4E4E-9BE1-A95388FE4906}.Debug|Any CPU.Build.0 = Debug|Any CPU
		{C761622C-263B-4E4E-9BE1-A95388FE4906}.Release|Any CPU.ActiveCfg = Release|Any CPU
		{C761622C-263B-4E4E-9BE1-A95388FE4906}.Release|Any CPU.Build.0 = Release|Any CPU
		{64835328-A930-4410-923C-3316305A47D6}.Debug|Any CPU.ActiveCfg = Debug|Any CPU
		{64835328-A930-4410-923C-3316305A47D6}.Debug|Any CPU.Build.0 = Debug|Any CPU
		{64835328-A930-4410-923C-3316305A47D6}.Release|Any CPU.ActiveCfg = Release|Any CPU
		{64835328-A930-4410-923C-3316305A47D6}.Release|Any CPU.Build.0 = Release|Any CPU
		{30FEE2FE-3180-4ABB-BAFF-8CF2FBFA7DF4}.Debug|Any CPU.ActiveCfg = Debug|Any CPU
		{30FEE2FE-3180-4ABB-BAFF-8CF2FBFA7DF4}.Debug|Any CPU.Build.0 = Debug|Any CPU
		{30FEE2FE-3180-4ABB-BAFF-8CF2FBFA7DF4}.Release|Any CPU.ActiveCfg = Release|Any CPU
		{30FEE2FE-3180-4ABB-BAFF-8CF2FBFA7DF4}.Release|Any CPU.Build.0 = Release|Any CPU
		{108CE27E-0A3F-400C-9D56-1D5398970EA6}.Debug|Any CPU.ActiveCfg = Debug|Any CPU
		{108CE27E-0A3F-400C-9D56-1D5398970EA6}.Debug|Any CPU.Build.0 = Debug|Any CPU
		{108CE27E-0A3F-400C-9D56-1D5398970EA6}.Release|Any CPU.ActiveCfg = Release|Any CPU
		{108CE27E-0A3F-400C-9D56-1D5398970EA6}.Release|Any CPU.Build.0 = Release|Any CPU
		{24BAD3C1-701C-4A8B-B688-3CA179CACE19}.Debug|Any CPU.ActiveCfg = Debug|Any CPU
		{24BAD3C1-701C-4A8B-B688-3CA179CACE19}.Debug|Any CPU.Build.0 = Debug|Any CPU
		{24BAD3C1-701C-4A8B-B688-3CA179CACE19}.Release|Any CPU.ActiveCfg = Release|Any CPU
		{24BAD3C1-701C-4A8B-B688-3CA179CACE19}.Release|Any CPU.Build.0 = Release|Any CPU
		{3D79582D-0411-429A-93E8-EF77D625CC98}.Debug|Any CPU.ActiveCfg = Debug|Any CPU
		{3D79582D-0411-429A-93E8-EF77D625CC98}.Debug|Any CPU.Build.0 = Debug|Any CPU
		{3D79582D-0411-429A-93E8-EF77D625CC98}.Release|Any CPU.ActiveCfg = Release|Any CPU
		{3D79582D-0411-429A-93E8-EF77D625CC98}.Release|Any CPU.Build.0 = Release|Any CPU
	EndGlobalSection
	GlobalSection(SolutionProperties) = preSolution
		HideSolutionNode = FALSE
	EndGlobalSection
	GlobalSection(ExtensibilityGlobals) = postSolution
		SolutionGuid = {CDB434D8-A497-4034-81C7-99946BE24BA9}
	EndGlobalSection
EndGlobal
