
Microsoft Visual Studio Solution File, Format Version 12.00
# Visual Studio Version 16
VisualStudioVersion = 16.0.30621.155
MinimumVisualStudioVersion = 10.0.40219.1
Project("{FAE04EC0-301F-11D3-BF4B-00C04F79EFBC}") = "01.ExtractPersonInformation", "01.ExtractPersonInformation\01.ExtractPersonInformation.csproj", "{06A3AC4A-980D-4714-AE4C-CA2EF40CBA8A}"
EndProject
Project("{FAE04EC0-301F-11D3-BF4B-00C04F79EFBC}") = "02.AsciiSumator", "02.AsciiSumator\02.AsciiSumator.csproj", "{27598C1E-9FA2-4B71-B827-A38B8B16256D}"
EndProject
Project("{FAE04EC0-301F-11D3-BF4B-00C04F79EFBC}") = "03.TreasureFinder", "03.TreasureFinder\03.TreasureFinder.csproj", "{0C7135A0-9039-417C-A67D-C40BFB6EAF8D}"
EndProject
Project("{FAE04EC0-301F-11D3-BF4B-00C04F79EFBC}") = "04.MorseCodeTranslator", "04.MorseCodeTranslator\04.MorseCodeTranslator.csproj", "{38683240-8DF4-42EF-94D4-937257FE0DB7}"
EndProject
Project("{FAE04EC0-301F-11D3-BF4B-00C04F79EFBC}") = "05.HTML", "05.HTML\05.HTML.csproj", "{99C10367-2D49-4073-9C66-69B1E708B7B9}"
EndProject
Global
	GlobalSection(SolutionConfigurationPlatforms) = preSolution
		Debug|Any CPU = Debug|Any CPU
		Release|Any CPU = Release|Any CPU
	EndGlobalSection
	GlobalSection(ProjectConfigurationPlatforms) = postSolution
		{06A3AC4A-980D-4714-AE4C-CA2EF40CBA8A}.Debug|Any CPU.ActiveCfg = Debug|Any CPU
		{06A3AC4A-980D-4714-AE4C-CA2EF40CBA8A}.Debug|Any CPU.Build.0 = Debug|Any CPU
		{06A3AC4A-980D-4714-AE4C-CA2EF40CBA8A}.Release|Any CPU.ActiveCfg = Release|Any CPU
		{06A3AC4A-980D-4714-AE4C-CA2EF40CBA8A}.Release|Any CPU.Build.0 = Release|Any CPU
		{27598C1E-9FA2-4B71-B827-A38B8B16256D}.Debug|Any CPU.ActiveCfg = Debug|Any CPU
		{27598C1E-9FA2-4B71-B827-A38B8B16256D}.Debug|Any CPU.Build.0 = Debug|Any CPU
		{27598C1E-9FA2-4B71-B827-A38B8B16256D}.Release|Any CPU.ActiveCfg = Release|Any CPU
		{27598C1E-9FA2-4B71-B827-A38B8B16256D}.Release|Any CPU.Build.0 = Release|Any CPU
		{0C7135A0-9039-417C-A67D-C40BFB6EAF8D}.Debug|Any CPU.ActiveCfg = Debug|Any CPU
		{0C7135A0-9039-417C-A67D-C40BFB6EAF8D}.Debug|Any CPU.Build.0 = Debug|Any CPU
		{0C7135A0-9039-417C-A67D-C40BFB6EAF8D}.Release|Any CPU.ActiveCfg = Release|Any CPU
		{0C7135A0-9039-417C-A67D-C40BFB6EAF8D}.Release|Any CPU.Build.0 = Release|Any CPU
		{38683240-8DF4-42EF-94D4-937257FE0DB7}.Debug|Any CPU.ActiveCfg = Debug|Any CPU
		{38683240-8DF4-42EF-94D4-937257FE0DB7}.Debug|Any CPU.Build.0 = Debug|Any CPU
		{38683240-8DF4-42EF-94D4-937257FE0DB7}.Release|Any CPU.ActiveCfg = Release|Any CPU
		{38683240-8DF4-42EF-94D4-937257FE0DB7}.Release|Any CPU.Build.0 = Release|Any CPU
		{99C10367-2D49-4073-9C66-69B1E708B7B9}.Debug|Any CPU.ActiveCfg = Debug|Any CPU
		{99C10367-2D49-4073-9C66-69B1E708B7B9}.Debug|Any CPU.Build.0 = Debug|Any CPU
		{99C10367-2D49-4073-9C66-69B1E708B7B9}.Release|Any CPU.ActiveCfg = Release|Any CPU
		{99C10367-2D49-4073-9C66-69B1E708B7B9}.Release|Any CPU.Build.0 = Release|Any CPU
	EndGlobalSection
	GlobalSection(SolutionProperties) = preSolution
		HideSolutionNode = FALSE
	EndGlobalSection
	GlobalSection(ExtensibilityGlobals) = postSolution
		SolutionGuid = {E54F2903-76A6-425A-B8BF-854553BE0762}
	EndGlobalSection
EndGlobal
