
Microsoft Visual Studio Solution File, Format Version 12.00
# Visual Studio Version 16
VisualStudioVersion = 16.0.30621.155
MinimumVisualStudioVersion = 10.0.40219.1
Project("{9A19103F-16F7-4668-BE54-9A1E7A4F7556}") = "01.Furniture", "01.Furniture\01.Furniture.csproj", "{68B6595C-388B-40FE-BC8E-ADD15D0C8D15}"
EndProject
Project("{9A19103F-16F7-4668-BE54-9A1E7A4F7556}") = "02.Race", "02.Race\02.Race.csproj", "{F44FFA17-93C4-49D5-A003-15A7892A659E}"
EndProject
Project("{9A19103F-16F7-4668-BE54-9A1E7A4F7556}") = "03.SoftUniBarIncome", "03.SoftUniBarIncome\03.SoftUniBarIncome.csproj", "{83E98D4A-8675-4E0F-A1FF-CE12E355F368}"
EndProject
Project("{9A19103F-16F7-4668-BE54-9A1E7A4F7556}") = "04.StarEnigma", "04.StarEnigma\04.StarEnigma.csproj", "{11A399E4-F5D3-4897-A3C7-513B188E3320}"
EndProject
Project("{FAE04EC0-301F-11D3-BF4B-00C04F79EFBC}") = "05.NetherRealms", "05.NetherRealms\05.NetherRealms.csproj", "{CC54D150-E13D-47C0-9E22-FF54CDF77914}"
EndProject
Project("{FAE04EC0-301F-11D3-BF4B-00C04F79EFBC}") = "06.ExtractEmails", "06.ExtractEmails\06.ExtractEmails.csproj", "{13611322-420D-4BCF-9A0C-EA72F0757B10}"
EndProject
Global
	GlobalSection(SolutionConfigurationPlatforms) = preSolution
		Debug|Any CPU = Debug|Any CPU
		Release|Any CPU = Release|Any CPU
	EndGlobalSection
	GlobalSection(ProjectConfigurationPlatforms) = postSolution
		{68B6595C-388B-40FE-BC8E-ADD15D0C8D15}.Debug|Any CPU.ActiveCfg = Debug|Any CPU
		{68B6595C-388B-40FE-BC8E-ADD15D0C8D15}.Debug|Any CPU.Build.0 = Debug|Any CPU
		{68B6595C-388B-40FE-BC8E-ADD15D0C8D15}.Release|Any CPU.ActiveCfg = Release|Any CPU
		{68B6595C-388B-40FE-BC8E-ADD15D0C8D15}.Release|Any CPU.Build.0 = Release|Any CPU
		{F44FFA17-93C4-49D5-A003-15A7892A659E}.Debug|Any CPU.ActiveCfg = Debug|Any CPU
		{F44FFA17-93C4-49D5-A003-15A7892A659E}.Debug|Any CPU.Build.0 = Debug|Any CPU
		{F44FFA17-93C4-49D5-A003-15A7892A659E}.Release|Any CPU.ActiveCfg = Release|Any CPU
		{F44FFA17-93C4-49D5-A003-15A7892A659E}.Release|Any CPU.Build.0 = Release|Any CPU
		{83E98D4A-8675-4E0F-A1FF-CE12E355F368}.Debug|Any CPU.ActiveCfg = Debug|Any CPU
		{83E98D4A-8675-4E0F-A1FF-CE12E355F368}.Debug|Any CPU.Build.0 = Debug|Any CPU
		{83E98D4A-8675-4E0F-A1FF-CE12E355F368}.Release|Any CPU.ActiveCfg = Release|Any CPU
		{83E98D4A-8675-4E0F-A1FF-CE12E355F368}.Release|Any CPU.Build.0 = Release|Any CPU
		{11A399E4-F5D3-4897-A3C7-513B188E3320}.Debug|Any CPU.ActiveCfg = Debug|Any CPU
		{11A399E4-F5D3-4897-A3C7-513B188E3320}.Debug|Any CPU.Build.0 = Debug|Any CPU
		{11A399E4-F5D3-4897-A3C7-513B188E3320}.Release|Any CPU.ActiveCfg = Release|Any CPU
		{11A399E4-F5D3-4897-A3C7-513B188E3320}.Release|Any CPU.Build.0 = Release|Any CPU
		{CC54D150-E13D-47C0-9E22-FF54CDF77914}.Debug|Any CPU.ActiveCfg = Debug|Any CPU
		{CC54D150-E13D-47C0-9E22-FF54CDF77914}.Debug|Any CPU.Build.0 = Debug|Any CPU
		{CC54D150-E13D-47C0-9E22-FF54CDF77914}.Release|Any CPU.ActiveCfg = Release|Any CPU
		{CC54D150-E13D-47C0-9E22-FF54CDF77914}.Release|Any CPU.Build.0 = Release|Any CPU
		{13611322-420D-4BCF-9A0C-EA72F0757B10}.Debug|Any CPU.ActiveCfg = Debug|Any CPU
		{13611322-420D-4BCF-9A0C-EA72F0757B10}.Debug|Any CPU.Build.0 = Debug|Any CPU
		{13611322-420D-4BCF-9A0C-EA72F0757B10}.Release|Any CPU.ActiveCfg = Release|Any CPU
		{13611322-420D-4BCF-9A0C-EA72F0757B10}.Release|Any CPU.Build.0 = Release|Any CPU
	EndGlobalSection
	GlobalSection(SolutionProperties) = preSolution
		HideSolutionNode = FALSE
	EndGlobalSection
	GlobalSection(ExtensibilityGlobals) = postSolution
		SolutionGuid = {7EA01ECB-1CF9-4923-9727-326E14431379}
	EndGlobalSection
EndGlobal
