
Microsoft Visual Studio Solution File, Format Version 12.00
# Visual Studio Version 16
VisualStudioVersion = 16.0.30503.244
MinimumVisualStudioVersion = 10.0.40219.1
Project("{9A19103F-16F7-4668-BE54-9A1E7A4F7556}") = "01.SmallestOfThreeNumbers", "01.SmallestOfThreeNumbers\01.SmallestOfThreeNumbers.csproj", "{AAE90A66-956E-4627-95C5-936150FA82D1}"
EndProject
Project("{9A19103F-16F7-4668-BE54-9A1E7A4F7556}") = "02.Vowels Count", "02.Vowels Count\02.Vowels Count.csproj", "{B7F28F15-C786-4524-8D61-7D43A7BBA209}"
EndProject
Project("{9A19103F-16F7-4668-BE54-9A1E7A4F7556}") = "03.CharactersInRange", "03.CharactersInRange\03.CharactersInRange.csproj", "{19D24369-8135-48A5-B9ED-63B6DA8FA21F}"
EndProject
Project("{9A19103F-16F7-4668-BE54-9A1E7A4F7556}") = "04.PasswordValidator", "04.PasswordValidator\04.PasswordValidator.csproj", "{58C68D69-FC05-4589-A4C2-320EFC4207D7}"
EndProject
Project("{9A19103F-16F7-4668-BE54-9A1E7A4F7556}") = "05.AddAndSubtract", "05.AddAndSubtract\05.AddAndSubtract.csproj", "{353849BB-95DA-4BA6-B936-FEBFD0A119C5}"
EndProject
Project("{9A19103F-16F7-4668-BE54-9A1E7A4F7556}") = "06.MiddleCharacters", "06.MiddleCharacters\06.MiddleCharacters.csproj", "{E7288A3E-3A6A-4BAB-9D1D-50567EE7AB56}"
EndProject
Project("{9A19103F-16F7-4668-BE54-9A1E7A4F7556}") = "07.NxNMatrix", "07.NxNMatrix\07.NxNMatrix.csproj", "{FC6140CC-DB31-4198-88EC-2149F062F738}"
EndProject
Project("{9A19103F-16F7-4668-BE54-9A1E7A4F7556}") = "08.FactorialDivision", "08.FactorialDivision\08.FactorialDivision.csproj", "{379DDFBF-EBAE-48C1-9103-8C3FDDDCB190}"
EndProject
Project("{FAE04EC0-301F-11D3-BF4B-00C04F79EFBC}") = "09.PalindromeIntegers", "09.PalindromeIntegers\09.PalindromeIntegers.csproj", "{EEFCA6E7-0735-4508-B6C5-E740C3EB028F}"
EndProject
Project("{FAE04EC0-301F-11D3-BF4B-00C04F79EFBC}") = "10.TopNumber", "10.TopNumber\10.TopNumber.csproj", "{9600A02E-4BDE-49DF-91B2-1509C341AE57}"
EndProject
Global
	GlobalSection(SolutionConfigurationPlatforms) = preSolution
		Debug|Any CPU = Debug|Any CPU
		Release|Any CPU = Release|Any CPU
	EndGlobalSection
	GlobalSection(ProjectConfigurationPlatforms) = postSolution
		{AAE90A66-956E-4627-95C5-936150FA82D1}.Debug|Any CPU.ActiveCfg = Debug|Any CPU
		{AAE90A66-956E-4627-95C5-936150FA82D1}.Debug|Any CPU.Build.0 = Debug|Any CPU
		{AAE90A66-956E-4627-95C5-936150FA82D1}.Release|Any CPU.ActiveCfg = Release|Any CPU
		{AAE90A66-956E-4627-95C5-936150FA82D1}.Release|Any CPU.Build.0 = Release|Any CPU
		{B7F28F15-C786-4524-8D61-7D43A7BBA209}.Debug|Any CPU.ActiveCfg = Debug|Any CPU
		{B7F28F15-C786-4524-8D61-7D43A7BBA209}.Debug|Any CPU.Build.0 = Debug|Any CPU
		{B7F28F15-C786-4524-8D61-7D43A7BBA209}.Release|Any CPU.ActiveCfg = Release|Any CPU
		{B7F28F15-C786-4524-8D61-7D43A7BBA209}.Release|Any CPU.Build.0 = Release|Any CPU
		{19D24369-8135-48A5-B9ED-63B6DA8FA21F}.Debug|Any CPU.ActiveCfg = Debug|Any CPU
		{19D24369-8135-48A5-B9ED-63B6DA8FA21F}.Debug|Any CPU.Build.0 = Debug|Any CPU
		{19D24369-8135-48A5-B9ED-63B6DA8FA21F}.Release|Any CPU.ActiveCfg = Release|Any CPU
		{19D24369-8135-48A5-B9ED-63B6DA8FA21F}.Release|Any CPU.Build.0 = Release|Any CPU
		{58C68D69-FC05-4589-A4C2-320EFC4207D7}.Debug|Any CPU.ActiveCfg = Debug|Any CPU
		{58C68D69-FC05-4589-A4C2-320EFC4207D7}.Debug|Any CPU.Build.0 = Debug|Any CPU
		{58C68D69-FC05-4589-A4C2-320EFC4207D7}.Release|Any CPU.ActiveCfg = Release|Any CPU
		{58C68D69-FC05-4589-A4C2-320EFC4207D7}.Release|Any CPU.Build.0 = Release|Any CPU
		{353849BB-95DA-4BA6-B936-FEBFD0A119C5}.Debug|Any CPU.ActiveCfg = Debug|Any CPU
		{353849BB-95DA-4BA6-B936-FEBFD0A119C5}.Debug|Any CPU.Build.0 = Debug|Any CPU
		{353849BB-95DA-4BA6-B936-FEBFD0A119C5}.Release|Any CPU.ActiveCfg = Release|Any CPU
		{353849BB-95DA-4BA6-B936-FEBFD0A119C5}.Release|Any CPU.Build.0 = Release|Any CPU
		{E7288A3E-3A6A-4BAB-9D1D-50567EE7AB56}.Debug|Any CPU.ActiveCfg = Debug|Any CPU
		{E7288A3E-3A6A-4BAB-9D1D-50567EE7AB56}.Debug|Any CPU.Build.0 = Debug|Any CPU
		{E7288A3E-3A6A-4BAB-9D1D-50567EE7AB56}.Release|Any CPU.ActiveCfg = Release|Any CPU
		{E7288A3E-3A6A-4BAB-9D1D-50567EE7AB56}.Release|Any CPU.Build.0 = Release|Any CPU
		{FC6140CC-DB31-4198-88EC-2149F062F738}.Debug|Any CPU.ActiveCfg = Debug|Any CPU
		{FC6140CC-DB31-4198-88EC-2149F062F738}.Debug|Any CPU.Build.0 = Debug|Any CPU
		{FC6140CC-DB31-4198-88EC-2149F062F738}.Release|Any CPU.ActiveCfg = Release|Any CPU
		{FC6140CC-DB31-4198-88EC-2149F062F738}.Release|Any CPU.Build.0 = Release|Any CPU
		{379DDFBF-EBAE-48C1-9103-8C3FDDDCB190}.Debug|Any CPU.ActiveCfg = Debug|Any CPU
		{379DDFBF-EBAE-48C1-9103-8C3FDDDCB190}.Debug|Any CPU.Build.0 = Debug|Any CPU
		{379DDFBF-EBAE-48C1-9103-8C3FDDDCB190}.Release|Any CPU.ActiveCfg = Release|Any CPU
		{379DDFBF-EBAE-48C1-9103-8C3FDDDCB190}.Release|Any CPU.Build.0 = Release|Any CPU
		{EEFCA6E7-0735-4508-B6C5-E740C3EB028F}.Debug|Any CPU.ActiveCfg = Debug|Any CPU
		{EEFCA6E7-0735-4508-B6C5-E740C3EB028F}.Debug|Any CPU.Build.0 = Debug|Any CPU
		{EEFCA6E7-0735-4508-B6C5-E740C3EB028F}.Release|Any CPU.ActiveCfg = Release|Any CPU
		{EEFCA6E7-0735-4508-B6C5-E740C3EB028F}.Release|Any CPU.Build.0 = Release|Any CPU
		{9600A02E-4BDE-49DF-91B2-1509C341AE57}.Debug|Any CPU.ActiveCfg = Debug|Any CPU
		{9600A02E-4BDE-49DF-91B2-1509C341AE57}.Debug|Any CPU.Build.0 = Debug|Any CPU
		{9600A02E-4BDE-49DF-91B2-1509C341AE57}.Release|Any CPU.ActiveCfg = Release|Any CPU
		{9600A02E-4BDE-49DF-91B2-1509C341AE57}.Release|Any CPU.Build.0 = Release|Any CPU
	EndGlobalSection
	GlobalSection(SolutionProperties) = preSolution
		HideSolutionNode = FALSE
	EndGlobalSection
	GlobalSection(ExtensibilityGlobals) = postSolution
		SolutionGuid = {BE7A9AB5-B90D-4643-98B8-F5CC67D79385}
	EndGlobalSection
EndGlobal
