
Microsoft Visual Studio Solution File, Format Version 12.00
# Visual Studio Version 16
VisualStudioVersion = 16.0.30804.86
MinimumVisualStudioVersion = 10.0.40219.1
Project("{FAE04EC0-301F-11D3-BF4B-00C04F79EFBC}") = "01.Bombs", "01.Bombs\01.Bombs.csproj", "{D354CF5B-861D-441B-A0BC-9C3969B76501}"
EndProject
Project("{FAE04EC0-301F-11D3-BF4B-00C04F79EFBC}") = "02.Snake", "02.Snake\02.Snake.csproj", "{38D83E74-3CA6-4219-BBAC-5CDAAA543ED7}"
EndProject
Global
	GlobalSection(SolutionConfigurationPlatforms) = preSolution
		Debug|Any CPU = Debug|Any CPU
		Release|Any CPU = Release|Any CPU
	EndGlobalSection
	GlobalSection(ProjectConfigurationPlatforms) = postSolution
		{D354CF5B-861D-441B-A0BC-9C3969B76501}.Debug|Any CPU.ActiveCfg = Debug|Any CPU
		{D354CF5B-861D-441B-A0BC-9C3969B76501}.Debug|Any CPU.Build.0 = Debug|Any CPU
		{D354CF5B-861D-441B-A0BC-9C3969B76501}.Release|Any CPU.ActiveCfg = Release|Any CPU
		{D354CF5B-861D-441B-A0BC-9C3969B76501}.Release|Any CPU.Build.0 = Release|Any CPU
		{38D83E74-3CA6-4219-BBAC-5CDAAA543ED7}.Debug|Any CPU.ActiveCfg = Debug|Any CPU
		{38D83E74-3CA6-4219-BBAC-5CDAAA543ED7}.Debug|Any CPU.Build.0 = Debug|Any CPU
		{38D83E74-3CA6-4219-BBAC-5CDAAA543ED7}.Release|Any CPU.ActiveCfg = Release|Any CPU
		{38D83E74-3CA6-4219-BBAC-5CDAAA543ED7}.Release|Any CPU.Build.0 = Release|Any CPU
	EndGlobalSection
	GlobalSection(SolutionProperties) = preSolution
		HideSolutionNode = FALSE
	EndGlobalSection
	GlobalSection(ExtensibilityGlobals) = postSolution
		SolutionGuid = {494A6F6C-94BF-4EA2-8199-95F0BBE690CE}
	EndGlobalSection
EndGlobal
