
Microsoft Visual Studio Solution File, Format Version 12.00
# Visual Studio Version 16
VisualStudioVersion = 16.0.30804.86
MinimumVisualStudioVersion = 10.0.40219.1
Project("{FAE04EC0-301F-11D3-BF4B-00C04F79EFBC}") = "01.PrototypePattern", "01.PrototypePattern\01.PrototypePattern.csproj", "{BEA4E613-E642-42CF-9582-307C97703158}"
EndProject
Project("{FAE04EC0-301F-11D3-BF4B-00C04F79EFBC}") = "02.CompositePattern", "02.CompositePattern\02.CompositePattern.csproj", "{4B42CAF4-79B6-439D-A302-3866515D3E76}"
EndProject
Project("{FAE04EC0-301F-11D3-BF4B-00C04F79EFBC}") = "03.TemplatePattern", "03.TemplatePattern\03.TemplatePattern.csproj", "{273DE2B8-0503-4B18-B05D-F9EDB9B7D132}"
EndProject
Global
	GlobalSection(SolutionConfigurationPlatforms) = preSolution
		Debug|Any CPU = Debug|Any CPU
		Release|Any CPU = Release|Any CPU
	EndGlobalSection
	GlobalSection(ProjectConfigurationPlatforms) = postSolution
		{BEA4E613-E642-42CF-9582-307C97703158}.Debug|Any CPU.ActiveCfg = Debug|Any CPU
		{BEA4E613-E642-42CF-9582-307C97703158}.Debug|Any CPU.Build.0 = Debug|Any CPU
		{BEA4E613-E642-42CF-9582-307C97703158}.Release|Any CPU.ActiveCfg = Release|Any CPU
		{BEA4E613-E642-42CF-9582-307C97703158}.Release|Any CPU.Build.0 = Release|Any CPU
		{4B42CAF4-79B6-439D-A302-3866515D3E76}.Debug|Any CPU.ActiveCfg = Debug|Any CPU
		{4B42CAF4-79B6-439D-A302-3866515D3E76}.Debug|Any CPU.Build.0 = Debug|Any CPU
		{4B42CAF4-79B6-439D-A302-3866515D3E76}.Release|Any CPU.ActiveCfg = Release|Any CPU
		{4B42CAF4-79B6-439D-A302-3866515D3E76}.Release|Any CPU.Build.0 = Release|Any CPU
		{273DE2B8-0503-4B18-B05D-F9EDB9B7D132}.Debug|Any CPU.ActiveCfg = Debug|Any CPU
		{273DE2B8-0503-4B18-B05D-F9EDB9B7D132}.Debug|Any CPU.Build.0 = Debug|Any CPU
		{273DE2B8-0503-4B18-B05D-F9EDB9B7D132}.Release|Any CPU.ActiveCfg = Release|Any CPU
		{273DE2B8-0503-4B18-B05D-F9EDB9B7D132}.Release|Any CPU.Build.0 = Release|Any CPU
	EndGlobalSection
	GlobalSection(SolutionProperties) = preSolution
		HideSolutionNode = FALSE
	EndGlobalSection
	GlobalSection(ExtensibilityGlobals) = postSolution
		SolutionGuid = {5A1D47B1-4B12-4C36-8270-33F1706E4B1F}
	EndGlobalSection
EndGlobal
